# This file is automatically @generated by Poetry 2.4.1 and should not be changed by hand.
# A GENUINE poetry.lock (laimk-hse.7): regenerated by real poetry so its content-hash
# matches pyproject.toml and `poetry export` consumes it without re-locking. Both deps
# ship pure-Python WHEELS (the `files = [...]` entries include a `.whl`), so the
# poetry.lock impurity reader keeps them PURE — the same deps as python-sample/
# python-uv-sample, so it hits the same warm Store wheelhouse. `poetry.lock` signals the
# poetry Package Manager and outranks a co-present requirements.txt, while losing to
# uv.lock (precedence uv.lock > poetry.lock > requirements.txt, ADR 0006d).

[[package]]
name = "idna"
version = "3.17"
description = "Internationalized Domain Names in Applications (IDNA)"
optional = false
python-versions = ">=3.9"
groups = ["main"]
files = [
    {file = "idna-3.17-py3-none-any.whl", hash = "sha256:466e48829084efe2548012b855df21540b96f2e20e51bd124c851536556a592c"},
    {file = "idna-3.17.tar.gz", hash = "sha256:5eb0cb53bc467c12eadcf6de83163ad8527cec9416f44b9b61b19caedad2b87f"},
]

[package.extras]
all = ["mypy (>=1.11.2)", "pytest (>=8.3.2)", "ruff (>=0.6.2)"]

[[package]]
name = "urllib3"
version = "2.7.0"
description = "HTTP library with thread-safe connection pooling, file post, and more."
optional = false
python-versions = ">=3.10"
groups = ["main"]
files = [
    {file = "urllib3-2.7.0-py3-none-any.whl", hash = "sha256:9fb4c81ebbb1ce9531cce37674bbc6f1360472bc18ca9a553ede278ef7276897"},
    {file = "urllib3-2.7.0.tar.gz", hash = "sha256:231e0ec3b63ceb14667c67be60f2f2c40a518cb38b03af60abc813da26505f4c"},
]

[package.extras]
brotli = ["brotli (>=1.2.0) ; platform_python_implementation == \"CPython\"", "brotlicffi (>=1.2.0.0) ; platform_python_implementation != \"CPython\""]
h2 = ["h2 (>=4,<5)"]
socks = ["pysocks (>=1.5.6,!=1.5.7,<2.0)"]
zstd = ["backports-zstd (>=1.0.0) ; python_version < \"3.14\""]

[metadata]
lock-version = "2.1"
python-versions = "^3.11"
content-hash = "bc5945fbeceab5093294568dd6a0195527b499e41794cf6d9990553e63b6efdb"
