# This file is automatically @generated by Cargo.
# It is not intended for manual editing.
version = 4

[[package]]
name = "itoa"
version = "1.0.15"
source = "git+https://github.com/dtolnay/itoa?tag=1.0.15#e2766b868e4ac1ae2bf5bea1ac43d4c0da23b899"

[[package]]
name = "sample"
version = "0.1.0"
dependencies = [
 "itoa",
]
